
Microsoft Visual Studio Solution File, Format Version 12.00
# Visual Studio Version 16
VisualStudioVersion = 16.0.30804.86
MinimumVisualStudioVersion = 10.0.40219.1
Project("{FAE04EC0-301F-11D3-BF4B-00C04F79EFBC}") = "SGrade", "SGrade\SGrade.csproj", "{86368CD0-7EFE-432B-8B8F-D7CCC5730B3F}"
EndProject
Global
	GlobalSection(SolutionConfigurationPlatforms) = preSolution
		Debug|Any CPU = Debug|Any CPU
		Release|Any CPU = Release|Any CPU
	EndGlobalSection
	GlobalSection(ProjectConfigurationPlatforms) = postSolution
		{86368CD0-7EFE-432B-8B8F-D7CCC5730B3F}.Debug|Any CPU.ActiveCfg = Debug|Any CPU
		{86368CD0-7EFE-432B-8B8F-D7CCC5730B3F}.Debug|Any CPU.Build.0 = Debug|Any CPU
		{86368CD0-7EFE-432B-8B8F-D7CCC5730B3F}.Release|Any CPU.ActiveCfg = Release|Any CPU
		{86368CD0-7EFE-432B-8B8F-D7CCC5730B3F}.Release|Any CPU.Build.0 = Release|Any CPU
	EndGlobalSection
	GlobalSection(SolutionProperties) = preSolution
		HideSolutionNode = FALSE
	EndGlobalSection
	GlobalSection(ExtensibilityGlobals) = postSolution
		SolutionGuid = {A40B7975-BB27-431C-9539-3A1A559BD9DA}
	EndGlobalSection
EndGlobal
